
Microsoft Visual Studio Solution File, Format Version 12.00
# Visual Studio Version 16
VisualStudioVersion = 16.0.29209.62
MinimumVisualStudioVersion = 10.0.40219.1
Project("{FAE04EC0-301F-11D3-BF4B-00C04F79EFBC}") = "CachingEntityFramework", "CachingEntityFramework\CachingEntityFramework.csproj", "{232CE7E6-1980-4801-869A-15E59D6764AB}"
EndProject
Project("{FAE04EC0-301F-11D3-BF4B-00C04F79EFBC}") = "CachingEntityFramework.Data", "CachingEntityFramework.Data\CachingEntityFramework.Data.csproj", "{97847384-D7D0-4000-AED6-A78A3A8C53CE}"
EndProject
Project("{FAE04EC0-301F-11D3-BF4B-00C04F79EFBC}") = "CachingEntityFramework.Domain", "CachingEntityFramework.Domain\CachingEntityFramework.Domain.csproj", "{3D243608-3687-4D2D-9AFE-DAC346233407}"
EndProject
Global
	GlobalSection(SolutionConfigurationPlatforms) = preSolution
		Debug|Any CPU = Debug|Any CPU
		Release|Any CPU = Release|Any CPU
	EndGlobalSection
	GlobalSection(ProjectConfigurationPlatforms) = postSolution
		{232CE7E6-1980-4801-869A-15E59D6764AB}.Debug|Any CPU.ActiveCfg = Debug|Any CPU
		{232CE7E6-1980-4801-869A-15E59D6764AB}.Debug|Any CPU.Build.0 = Debug|Any CPU
		{232CE7E6-1980-4801-869A-15E59D6764AB}.Release|Any CPU.ActiveCfg = Release|Any CPU
		{232CE7E6-1980-4801-869A-15E59D6764AB}.Release|Any CPU.Build.0 = Release|Any CPU
		{97847384-D7D0-4000-AED6-A78A3A8C53CE}.Debug|Any CPU.ActiveCfg = Debug|Any CPU
		{97847384-D7D0-4000-AED6-A78A3A8C53CE}.Debug|Any CPU.Build.0 = Debug|Any CPU
		{97847384-D7D0-4000-AED6-A78A3A8C53CE}.Release|Any CPU.ActiveCfg = Release|Any CPU
		{97847384-D7D0-4000-AED6-A78A3A8C53CE}.Release|Any CPU.Build.0 = Release|Any CPU
		{3D243608-3687-4D2D-9AFE-DAC346233407}.Debug|Any CPU.ActiveCfg = Debug|Any CPU
		{3D243608-3687-4D2D-9AFE-DAC346233407}.Debug|Any CPU.Build.0 = Debug|Any CPU
		{3D243608-3687-4D2D-9AFE-DAC346233407}.Release|Any CPU.ActiveCfg = Release|Any CPU
		{3D243608-3687-4D2D-9AFE-DAC346233407}.Release|Any CPU.Build.0 = Release|Any CPU
	EndGlobalSection
	GlobalSection(SolutionProperties) = preSolution
		HideSolutionNode = FALSE
	EndGlobalSection
	GlobalSection(ExtensibilityGlobals) = postSolution
		SolutionGuid = {C26F45BD-8EA0-49A1-A319-D9F8C0B80297}
	EndGlobalSection
EndGlobal
